
Microsoft Visual Studio Solution File, Format Version 12.00
Project("{FAE04EC0-301F-11D3-BF4B-00C04F79EFBC}") = "WebApp", "WebApp\WebApp.csproj", "{37EF1B5C-5A8E-40E0-BE68-92814A2C5614}"
EndProject
Project("{FAE04EC0-301F-11D3-BF4B-00C04F79EFBC}") = "App.Domain", "App.Domain\App.Domain.csproj", "{A8539EDA-4752-4182-BA31-8A9C6CB82835}"
EndProject
Project("{FAE04EC0-301F-11D3-BF4B-00C04F79EFBC}") = "Base.Domain", "Base.Domain\Base.Domain.csproj", "{4275F14B-0F6A-4DC1-9544-9CA8C46ADF0D}"
EndProject
Project("{2150E333-8FDC-42A3-9474-1A3956D46DE8}") = "1_App", "1_App", "{B17177C3-E62B-4101-9E6B-DAD33C8FEC93}"
EndProject
Project("{2150E333-8FDC-42A3-9474-1A3956D46DE8}") = "2_Base", "2_Base", "{830E3348-4A37-43AE-B0EA-03F9E390FD31}"
EndProject
Project("{2150E333-8FDC-42A3-9474-1A3956D46DE8}") = "0_Solution_Items", "0_Solution_Items", "{50B78B49-85D3-4766-B6B4-48194843D18B}"
	ProjectSection(SolutionItems) = preProject
		README.md = README.md
		docker-compose.yml = docker-compose.yml
		Directory.Build.props = Directory.Build.props
		.gitignore = .gitignore
		.dockerignore = .dockerignore
	EndProjectSection
EndProject
Project("{FAE04EC0-301F-11D3-BF4B-00C04F79EFBC}") = "Base.Contracts.Domain", "Base.Contracts.Domain\Base.Contracts.Domain.csproj", "{D922DC8E-0580-46FE-A35F-2A2337EDCD37}"
EndProject
Project("{FAE04EC0-301F-11D3-BF4B-00C04F79EFBC}") = "App.DAL.EF", "App.DAL.EF\App.DAL.EF.csproj", "{CA1018B9-76AC-4A1F-BC2A-123786E3966C}"
EndProject
Project("{FAE04EC0-301F-11D3-BF4B-00C04F79EFBC}") = "Base.Contracts.DAL", "Base.Contracts.DAL\Base.Contracts.DAL.csproj", "{22904CA8-FD1A-4A50-A446-B364C940851A}"
EndProject
Project("{FAE04EC0-301F-11D3-BF4B-00C04F79EFBC}") = "Base.DAL.EF", "Base.DAL.EF\Base.DAL.EF.csproj", "{D0D3A79B-94CE-400C-A27E-B22B381FCF0E}"
EndProject
Project("{FAE04EC0-301F-11D3-BF4B-00C04F79EFBC}") = "App.Contracts.DAL", "App.Contracts.DAL\App.Contracts.DAL.csproj", "{9D02E75E-E9FB-418D-900F-07FF44A4938B}"
EndProject
Project("{FAE04EC0-301F-11D3-BF4B-00C04F79EFBC}") = "Helpers", "Helpers\Helpers.csproj", "{4408F6DE-AFD1-496C-AAEE-939DEE67A2FF}"
EndProject
Project("{FAE04EC0-301F-11D3-BF4B-00C04F79EFBC}") = "Base.Resources", "Base.Resources\Base.Resources.csproj", "{15EDE43D-8CA4-478F-B5C3-815C54D4482A}"
EndProject
Project("{FAE04EC0-301F-11D3-BF4B-00C04F79EFBC}") = "App.Resources", "App.Resources\App.Resources.csproj", "{4ADAF23B-8DDC-40DD-B1EB-CD03A96C9469}"
EndProject
Project("{FAE04EC0-301F-11D3-BF4B-00C04F79EFBC}") = "App.DAL.DTO", "App.DAL.DTO\App.DAL.DTO.csproj", "{DD299EB8-7FCC-4052-8AF4-580A82450143}"
EndProject
Project("{FAE04EC0-301F-11D3-BF4B-00C04F79EFBC}") = "Base.Contracts.BLL", "Base.Contracts.BLL\Base.Contracts.BLL.csproj", "{1B67B409-A20C-420F-A250-1A065E2B98C9}"
EndProject
Project("{FAE04EC0-301F-11D3-BF4B-00C04F79EFBC}") = "Base.BLL", "Base.BLL\Base.BLL.csproj", "{599517DC-A7C1-484E-A9DE-BA8440E3FEC8}"
EndProject
Project("{FAE04EC0-301F-11D3-BF4B-00C04F79EFBC}") = "App.BLL.DTO", "App.BLL.DTO\App.BLL.DTO.csproj", "{A73BAA7D-5779-4E3F-B18F-FEA7C43DF7E5}"
EndProject
Project("{FAE04EC0-301F-11D3-BF4B-00C04F79EFBC}") = "App.Contracts.BLL", "App.Contracts.BLL\App.Contracts.BLL.csproj", "{7705C351-BDC3-4A80-820A-88EC1A7C2F6E}"
EndProject
Project("{FAE04EC0-301F-11D3-BF4B-00C04F79EFBC}") = "App.BLL", "App.BLL\App.BLL.csproj", "{1395FCB7-3D6C-4C07-936F-F2AD1460A5AD}"
EndProject
Project("{FAE04EC0-301F-11D3-BF4B-00C04F79EFBC}") = "App.DTO", "App.DTO\App.DTO.csproj", "{9758964C-110D-4693-B341-5F7FB727E7C0}"
EndProject
Project("{FAE04EC0-301F-11D3-BF4B-00C04F79EFBC}") = "Base.Test", "Base.Test\Base.Test.csproj", "{CE583AAA-F6E4-4BBE-8252-E06A04BDDC9F}"
EndProject
Project("{FAE04EC0-301F-11D3-BF4B-00C04F79EFBC}") = "App.Test", "App.Test\App.Test.csproj", "{F2B82EC4-56A2-4D6B-98F6-AD5D11889F2F}"
EndProject
Global
	GlobalSection(SolutionConfigurationPlatforms) = preSolution
		Debug|Any CPU = Debug|Any CPU
		Release|Any CPU = Release|Any CPU
	EndGlobalSection
	GlobalSection(ProjectConfigurationPlatforms) = postSolution
		{37EF1B5C-5A8E-40E0-BE68-92814A2C5614}.Debug|Any CPU.ActiveCfg = Debug|Any CPU
		{37EF1B5C-5A8E-40E0-BE68-92814A2C5614}.Debug|Any CPU.Build.0 = Debug|Any CPU
		{37EF1B5C-5A8E-40E0-BE68-92814A2C5614}.Release|Any CPU.ActiveCfg = Release|Any CPU
		{37EF1B5C-5A8E-40E0-BE68-92814A2C5614}.Release|Any CPU.Build.0 = Release|Any CPU
		{A8539EDA-4752-4182-BA31-8A9C6CB82835}.Debug|Any CPU.ActiveCfg = Debug|Any CPU
		{A8539EDA-4752-4182-BA31-8A9C6CB82835}.Debug|Any CPU.Build.0 = Debug|Any CPU
		{A8539EDA-4752-4182-BA31-8A9C6CB82835}.Release|Any CPU.ActiveCfg = Release|Any CPU
		{A8539EDA-4752-4182-BA31-8A9C6CB82835}.Release|Any CPU.Build.0 = Release|Any CPU
		{4275F14B-0F6A-4DC1-9544-9CA8C46ADF0D}.Debug|Any CPU.ActiveCfg = Debug|Any CPU
		{4275F14B-0F6A-4DC1-9544-9CA8C46ADF0D}.Debug|Any CPU.Build.0 = Debug|Any CPU
		{4275F14B-0F6A-4DC1-9544-9CA8C46ADF0D}.Release|Any CPU.ActiveCfg = Release|Any CPU
		{4275F14B-0F6A-4DC1-9544-9CA8C46ADF0D}.Release|Any CPU.Build.0 = Release|Any CPU
		{D922DC8E-0580-46FE-A35F-2A2337EDCD37}.Debug|Any CPU.ActiveCfg = Debug|Any CPU
		{D922DC8E-0580-46FE-A35F-2A2337EDCD37}.Debug|Any CPU.Build.0 = Debug|Any CPU
		{D922DC8E-0580-46FE-A35F-2A2337EDCD37}.Release|Any CPU.ActiveCfg = Release|Any CPU
		{D922DC8E-0580-46FE-A35F-2A2337EDCD37}.Release|Any CPU.Build.0 = Release|Any CPU
		{CA1018B9-76AC-4A1F-BC2A-123786E3966C}.Debug|Any CPU.ActiveCfg = Debug|Any CPU
		{CA1018B9-76AC-4A1F-BC2A-123786E3966C}.Debug|Any CPU.Build.0 = Debug|Any CPU
		{CA1018B9-76AC-4A1F-BC2A-123786E3966C}.Release|Any CPU.ActiveCfg = Release|Any CPU
		{CA1018B9-76AC-4A1F-BC2A-123786E3966C}.Release|Any CPU.Build.0 = Release|Any CPU
		{22904CA8-FD1A-4A50-A446-B364C940851A}.Debug|Any CPU.ActiveCfg = Debug|Any CPU
		{22904CA8-FD1A-4A50-A446-B364C940851A}.Debug|Any CPU.Build.0 = Debug|Any CPU
		{22904CA8-FD1A-4A50-A446-B364C940851A}.Release|Any CPU.ActiveCfg = Release|Any CPU
		{22904CA8-FD1A-4A50-A446-B364C940851A}.Release|Any CPU.Build.0 = Release|Any CPU
		{D0D3A79B-94CE-400C-A27E-B22B381FCF0E}.Debug|Any CPU.ActiveCfg = Debug|Any CPU
		{D0D3A79B-94CE-400C-A27E-B22B381FCF0E}.Debug|Any CPU.Build.0 = Debug|Any CPU
		{D0D3A79B-94CE-400C-A27E-B22B381FCF0E}.Release|Any CPU.ActiveCfg = Release|Any CPU
		{D0D3A79B-94CE-400C-A27E-B22B381FCF0E}.Release|Any CPU.Build.0 = Release|Any CPU
		{9D02E75E-E9FB-418D-900F-07FF44A4938B}.Debug|Any CPU.ActiveCfg = Debug|Any CPU
		{9D02E75E-E9FB-418D-900F-07FF44A4938B}.Debug|Any CPU.Build.0 = Debug|Any CPU
		{9D02E75E-E9FB-418D-900F-07FF44A4938B}.Release|Any CPU.ActiveCfg = Release|Any CPU
		{9D02E75E-E9FB-418D-900F-07FF44A4938B}.Release|Any CPU.Build.0 = Release|Any CPU
		{4408F6DE-AFD1-496C-AAEE-939DEE67A2FF}.Debug|Any CPU.ActiveCfg = Debug|Any CPU
		{4408F6DE-AFD1-496C-AAEE-939DEE67A2FF}.Debug|Any CPU.Build.0 = Debug|Any CPU
		{4408F6DE-AFD1-496C-AAEE-939DEE67A2FF}.Release|Any CPU.ActiveCfg = Release|Any CPU
		{4408F6DE-AFD1-496C-AAEE-939DEE67A2FF}.Release|Any CPU.Build.0 = Release|Any CPU
		{15EDE43D-8CA4-478F-B5C3-815C54D4482A}.Debug|Any CPU.ActiveCfg = Debug|Any CPU
		{15EDE43D-8CA4-478F-B5C3-815C54D4482A}.Debug|Any CPU.Build.0 = Debug|Any CPU
		{15EDE43D-8CA4-478F-B5C3-815C54D4482A}.Release|Any CPU.ActiveCfg = Release|Any CPU
		{15EDE43D-8CA4-478F-B5C3-815C54D4482A}.Release|Any CPU.Build.0 = Release|Any CPU
		{4ADAF23B-8DDC-40DD-B1EB-CD03A96C9469}.Debug|Any CPU.ActiveCfg = Debug|Any CPU
		{4ADAF23B-8DDC-40DD-B1EB-CD03A96C9469}.Debug|Any CPU.Build.0 = Debug|Any CPU
		{4ADAF23B-8DDC-40DD-B1EB-CD03A96C9469}.Release|Any CPU.ActiveCfg = Release|Any CPU
		{4ADAF23B-8DDC-40DD-B1EB-CD03A96C9469}.Release|Any CPU.Build.0 = Release|Any CPU
		{DD299EB8-7FCC-4052-8AF4-580A82450143}.Debug|Any CPU.ActiveCfg = Debug|Any CPU
		{DD299EB8-7FCC-4052-8AF4-580A82450143}.Debug|Any CPU.Build.0 = Debug|Any CPU
		{DD299EB8-7FCC-4052-8AF4-580A82450143}.Release|Any CPU.ActiveCfg = Release|Any CPU
		{DD299EB8-7FCC-4052-8AF4-580A82450143}.Release|Any CPU.Build.0 = Release|Any CPU
		{1B67B409-A20C-420F-A250-1A065E2B98C9}.Debug|Any CPU.ActiveCfg = Debug|Any CPU
		{1B67B409-A20C-420F-A250-1A065E2B98C9}.Debug|Any CPU.Build.0 = Debug|Any CPU
		{1B67B409-A20C-420F-A250-1A065E2B98C9}.Release|Any CPU.ActiveCfg = Release|Any CPU
		{1B67B409-A20C-420F-A250-1A065E2B98C9}.Release|Any CPU.Build.0 = Release|Any CPU
		{599517DC-A7C1-484E-A9DE-BA8440E3FEC8}.Debug|Any CPU.ActiveCfg = Debug|Any CPU
		{599517DC-A7C1-484E-A9DE-BA8440E3FEC8}.Debug|Any CPU.Build.0 = Debug|Any CPU
		{599517DC-A7C1-484E-A9DE-BA8440E3FEC8}.Release|Any CPU.ActiveCfg = Release|Any CPU
		{599517DC-A7C1-484E-A9DE-BA8440E3FEC8}.Release|Any CPU.Build.0 = Release|Any CPU
		{A73BAA7D-5779-4E3F-B18F-FEA7C43DF7E5}.Debug|Any CPU.ActiveCfg = Debug|Any CPU
		{A73BAA7D-5779-4E3F-B18F-FEA7C43DF7E5}.Debug|Any CPU.Build.0 = Debug|Any CPU
		{A73BAA7D-5779-4E3F-B18F-FEA7C43DF7E5}.Release|Any CPU.ActiveCfg = Release|Any CPU
		{A73BAA7D-5779-4E3F-B18F-FEA7C43DF7E5}.Release|Any CPU.Build.0 = Release|Any CPU
		{7705C351-BDC3-4A80-820A-88EC1A7C2F6E}.Debug|Any CPU.ActiveCfg = Debug|Any CPU
		{7705C351-BDC3-4A80-820A-88EC1A7C2F6E}.Debug|Any CPU.Build.0 = Debug|Any CPU
		{7705C351-BDC3-4A80-820A-88EC1A7C2F6E}.Release|Any CPU.ActiveCfg = Release|Any CPU
		{7705C351-BDC3-4A80-820A-88EC1A7C2F6E}.Release|Any CPU.Build.0 = Release|Any CPU
		{1395FCB7-3D6C-4C07-936F-F2AD1460A5AD}.Debug|Any CPU.ActiveCfg = Debug|Any CPU
		{1395FCB7-3D6C-4C07-936F-F2AD1460A5AD}.Debug|Any CPU.Build.0 = Debug|Any CPU
		{1395FCB7-3D6C-4C07-936F-F2AD1460A5AD}.Release|Any CPU.ActiveCfg = Release|Any CPU
		{1395FCB7-3D6C-4C07-936F-F2AD1460A5AD}.Release|Any CPU.Build.0 = Release|Any CPU
		{9758964C-110D-4693-B341-5F7FB727E7C0}.Debug|Any CPU.ActiveCfg = Debug|Any CPU
		{9758964C-110D-4693-B341-5F7FB727E7C0}.Debug|Any CPU.Build.0 = Debug|Any CPU
		{9758964C-110D-4693-B341-5F7FB727E7C0}.Release|Any CPU.ActiveCfg = Release|Any CPU
		{9758964C-110D-4693-B341-5F7FB727E7C0}.Release|Any CPU.Build.0 = Release|Any CPU
		{CE583AAA-F6E4-4BBE-8252-E06A04BDDC9F}.Debug|Any CPU.ActiveCfg = Debug|Any CPU
		{CE583AAA-F6E4-4BBE-8252-E06A04BDDC9F}.Debug|Any CPU.Build.0 = Debug|Any CPU
		{CE583AAA-F6E4-4BBE-8252-E06A04BDDC9F}.Release|Any CPU.ActiveCfg = Release|Any CPU
		{CE583AAA-F6E4-4BBE-8252-E06A04BDDC9F}.Release|Any CPU.Build.0 = Release|Any CPU
		{F2B82EC4-56A2-4D6B-98F6-AD5D11889F2F}.Debug|Any CPU.ActiveCfg = Debug|Any CPU
		{F2B82EC4-56A2-4D6B-98F6-AD5D11889F2F}.Debug|Any CPU.Build.0 = Debug|Any CPU
		{F2B82EC4-56A2-4D6B-98F6-AD5D11889F2F}.Release|Any CPU.ActiveCfg = Release|Any CPU
		{F2B82EC4-56A2-4D6B-98F6-AD5D11889F2F}.Release|Any CPU.Build.0 = Release|Any CPU
	EndGlobalSection
	GlobalSection(NestedProjects) = preSolution
		{A8539EDA-4752-4182-BA31-8A9C6CB82835} = {B17177C3-E62B-4101-9E6B-DAD33C8FEC93}
		{4275F14B-0F6A-4DC1-9544-9CA8C46ADF0D} = {830E3348-4A37-43AE-B0EA-03F9E390FD31}
		{37EF1B5C-5A8E-40E0-BE68-92814A2C5614} = {B17177C3-E62B-4101-9E6B-DAD33C8FEC93}
		{D922DC8E-0580-46FE-A35F-2A2337EDCD37} = {830E3348-4A37-43AE-B0EA-03F9E390FD31}
		{CA1018B9-76AC-4A1F-BC2A-123786E3966C} = {B17177C3-E62B-4101-9E6B-DAD33C8FEC93}
		{22904CA8-FD1A-4A50-A446-B364C940851A} = {830E3348-4A37-43AE-B0EA-03F9E390FD31}
		{D0D3A79B-94CE-400C-A27E-B22B381FCF0E} = {830E3348-4A37-43AE-B0EA-03F9E390FD31}
		{9D02E75E-E9FB-418D-900F-07FF44A4938B} = {B17177C3-E62B-4101-9E6B-DAD33C8FEC93}
		{4408F6DE-AFD1-496C-AAEE-939DEE67A2FF} = {830E3348-4A37-43AE-B0EA-03F9E390FD31}
		{15EDE43D-8CA4-478F-B5C3-815C54D4482A} = {830E3348-4A37-43AE-B0EA-03F9E390FD31}
		{4ADAF23B-8DDC-40DD-B1EB-CD03A96C9469} = {B17177C3-E62B-4101-9E6B-DAD33C8FEC93}
		{DD299EB8-7FCC-4052-8AF4-580A82450143} = {B17177C3-E62B-4101-9E6B-DAD33C8FEC93}
		{1B67B409-A20C-420F-A250-1A065E2B98C9} = {830E3348-4A37-43AE-B0EA-03F9E390FD31}
		{599517DC-A7C1-484E-A9DE-BA8440E3FEC8} = {830E3348-4A37-43AE-B0EA-03F9E390FD31}
		{A73BAA7D-5779-4E3F-B18F-FEA7C43DF7E5} = {B17177C3-E62B-4101-9E6B-DAD33C8FEC93}
		{7705C351-BDC3-4A80-820A-88EC1A7C2F6E} = {B17177C3-E62B-4101-9E6B-DAD33C8FEC93}
		{1395FCB7-3D6C-4C07-936F-F2AD1460A5AD} = {B17177C3-E62B-4101-9E6B-DAD33C8FEC93}
		{9758964C-110D-4693-B341-5F7FB727E7C0} = {B17177C3-E62B-4101-9E6B-DAD33C8FEC93}
		{CE583AAA-F6E4-4BBE-8252-E06A04BDDC9F} = {830E3348-4A37-43AE-B0EA-03F9E390FD31}
		{F2B82EC4-56A2-4D6B-98F6-AD5D11889F2F} = {B17177C3-E62B-4101-9E6B-DAD33C8FEC93}
	EndGlobalSection
EndGlobal
